
Microsoft Visual Studio Solution File, Format Version 12.00
# Visual Studio Version 17
VisualStudioVersion = 17.7.34031.279
MinimumVisualStudioVersion = 10.0.40219.1
Project("{FAE04EC0-301F-11D3-BF4B-00C04F79EFBC}") = "GameSystem", "GameSystem\GameSystem.csproj", "{F3C57811-0445-40CD-8458-6DAFACF6C875}"
EndProject
Global
	GlobalSection(SolutionConfigurationPlatforms) = preSolution
		Debug|Any CPU = Debug|Any CPU
		Release|Any CPU = Release|Any CPU
	EndGlobalSection
	GlobalSection(ProjectConfigurationPlatforms) = postSolution
		{F3C57811-0445-40CD-8458-6DAFACF6C875}.Debug|Any CPU.ActiveCfg = Debug|Any CPU
		{F3C57811-0445-40CD-8458-6DAFACF6C875}.Debug|Any CPU.Build.0 = Debug|Any CPU
		{F3C57811-0445-40CD-8458-6DAFACF6C875}.Release|Any CPU.ActiveCfg = Release|Any CPU
		{F3C57811-0445-40CD-8458-6DAFACF6C875}.Release|Any CPU.Build.0 = Release|Any CPU
	EndGlobalSection
	GlobalSection(SolutionProperties) = preSolution
		HideSolutionNode = FALSE
	EndGlobalSection
	GlobalSection(ExtensibilityGlobals) = postSolution
		SolutionGuid = {264DCEFB-6F56-4F38-9B14-F801DACEB961}
	EndGlobalSection
EndGlobal
